
Microsoft Visual Studio Solution File, Format Version 12.00
# Visual Studio Version 17
VisualStudioVersion = 17.3.32929.385
MinimumVisualStudioVersion = 10.0.40219.1
Project("{FAE04EC0-301F-11D3-BF4B-00C04F79EFBC}") = "CsharpzTestingDay", "CsharpzTestingDay.csproj", "{85FE5288-E865-41E2-AAA6-92DC84EA68B0}"
EndProject
Project("{FAE04EC0-301F-11D3-BF4B-00C04F79EFBC}") = "FindMaxNumTest", "..\FindMaxNumTest\FindMaxNumTest.csproj", "{6078D7B5-2B2E-4BCC-AEDD-4721236D2E41}"
EndProject
Global
	GlobalSection(SolutionConfigurationPlatforms) = preSolution
		Debug|Any CPU = Debug|Any CPU
		Release|Any CPU = Release|Any CPU
	EndGlobalSection
	GlobalSection(ProjectConfigurationPlatforms) = postSolution
		{85FE5288-E865-41E2-AAA6-92DC84EA68B0}.Debug|Any CPU.ActiveCfg = Debug|Any CPU
		{85FE5288-E865-41E2-AAA6-92DC84EA68B0}.Debug|Any CPU.Build.0 = Debug|Any CPU
		{85FE5288-E865-41E2-AAA6-92DC84EA68B0}.Release|Any CPU.ActiveCfg = Release|Any CPU
		{85FE5288-E865-41E2-AAA6-92DC84EA68B0}.Release|Any CPU.Build.0 = Release|Any CPU
		{6078D7B5-2B2E-4BCC-AEDD-4721236D2E41}.Debug|Any CPU.ActiveCfg = Debug|Any CPU
		{6078D7B5-2B2E-4BCC-AEDD-4721236D2E41}.Debug|Any CPU.Build.0 = Debug|Any CPU
		{6078D7B5-2B2E-4BCC-AEDD-4721236D2E41}.Release|Any CPU.ActiveCfg = Release|Any CPU
		{6078D7B5-2B2E-4BCC-AEDD-4721236D2E41}.Release|Any CPU.Build.0 = Release|Any CPU
	EndGlobalSection
	GlobalSection(SolutionProperties) = preSolution
		HideSolutionNode = FALSE
	EndGlobalSection
	GlobalSection(ExtensibilityGlobals) = postSolution
		SolutionGuid = {2D0FA3D8-AEEE-45A5-9CFC-E540A71ADCFB}
	EndGlobalSection
EndGlobal
